
Microsoft Visual Studio Solution File, Format Version 12.00
# Visual Studio Version 16
VisualStudioVersion = 16.0.30128.74
MinimumVisualStudioVersion = 10.0.40219.1
Project("{FAE04EC0-301F-11D3-BF4B-00C04F79EFBC}") = "MotorVehicles", "MotorVehicles\MotorVehicles.csproj", "{F95B5597-8CCC-4588-9873-96877281B08F}"
EndProject
Global
	GlobalSection(SolutionConfigurationPlatforms) = preSolution
		Debug|Any CPU = Debug|Any CPU
		Release|Any CPU = Release|Any CPU
	EndGlobalSection
	GlobalSection(ProjectConfigurationPlatforms) = postSolution
		{F95B5597-8CCC-4588-9873-96877281B08F}.Debug|Any CPU.ActiveCfg = Debug|Any CPU
		{F95B5597-8CCC-4588-9873-96877281B08F}.Debug|Any CPU.Build.0 = Debug|Any CPU
		{F95B5597-8CCC-4588-9873-96877281B08F}.Release|Any CPU.ActiveCfg = Release|Any CPU
		{F95B5597-8CCC-4588-9873-96877281B08F}.Release|Any CPU.Build.0 = Release|Any CPU
	EndGlobalSection
	GlobalSection(SolutionProperties) = preSolution
		HideSolutionNode = FALSE
	EndGlobalSection
	GlobalSection(ExtensibilityGlobals) = postSolution
		SolutionGuid = {649B856F-9A1A-4A7B-9FF7-C884B64B9EB5}
	EndGlobalSection
EndGlobal
